<?xml version="1.0" encoding="utf-8"?>
<Project ToolsVersion="4.0" xmlns="http://schemas.microsoft.com/developer/msbuild/2003">
  <ItemGroup>
    <Filter Include="Source Files">
      <UniqueIdentifier>{4FC737F1-C7A5-4376-A066-2A32D752A2FF}</UniqueIdentifier>
      <Extensions>cpp;c;cc;cxx;def;odl;idl;hpj;bat;asm;asmx</Extensions>
    </Filter>
    <Filter Include="Header Files">
      <UniqueIdentifier>{93995380-89BD-4b04-88EB-625FBE52EBFB}</UniqueIdentifier>
      <Extensions>h;hh;hpp;hxx;hm;inl;inc;xsd</Extensions>
    </Filter>
    <Filter Include="Resource Files">
      <UniqueIdentifier>{67DA6AB6-F800-4c08-8B7A-83BB121AAD01}</UniqueIdentifier>
      <Extensions>rc;ico;cur;bmp;dlg;rc2;rct;bin;rgs;gif;jpg;jpeg;jpe;resx;tiff;tif;png;wav;mfcribbon-ms</Extensions>
    </Filter>
    <Filter Include="Tests">
      <UniqueIdentifier>{4f4d842c-dcdc-4ac8-8fb9-33677e1def2f}</UniqueIdentifier>
    </Filter>
  </ItemGroup>
  <ItemGroup>
    <ClCompile Include="..\cmd_Handler.cpp">
      <Filter>Source Files</Filter>
    </ClCompile>
    <ClCompile Include="..\cmd_Help.cpp">
      <Filter>Source Files</Filter>
    </ClCompile>
    <ClCompile Include="..\cmd_List.cpp">
      <Filter>Source Files</Filter>
    </ClCompile>
    <ClCompile Include="..\cmd_Parse.cpp">
      <Filter>Source Files</Filter>
    </ClCompile>
    <ClCompile Include="..\cmd_Quit.cpp">
      <Filter>Source Files</Filter>
    </ClCompile>
    <ClCompile Include="..\cmd_Size.cpp">
      <Filter>Source Files</Filter>
    </ClCompile>
    <ClCompile Include="..\tree_Disk.cpp">
      <Filter>Source Files</Filter>
    </ClCompile>
    <ClCompile Include="..\tree_File.cpp">
      <Filter>Source Files</Filter>
    </ClCompile>
    <ClCompile Include="..\tree_Folder.cpp">
      <Filter>Source Files</Filter>
    </ClCompile>
    <ClCompile Include="..\tree_Link.cpp">
      <Filter>Source Files</Filter>
    </ClCompile>
    <ClCompile Include="..\tree_Node.cpp">
      <Filter>Source Files</Filter>
    </ClCompile>
    <ClCompile Include="..\tree_Size.cpp">
      <Filter>Source Files</Filter>
    </ClCompile>
    <ClCompile Include="test.cpp">
      <Filter>Tests</Filter>
    </ClCompile>
    <ClCompile Include="test_Help.cpp">
      <Filter>Tests</Filter>
    </ClCompile>
    <ClCompile Include="test_List.cpp">
      <Filter>Tests</Filter>
    </ClCompile>
    <ClCompile Include="test_Quit.cpp">
      <Filter>Tests</Filter>
    </ClCompile>
    <ClCompile Include="test_Size.cpp">
      <Filter>Tests</Filter>
    </ClCompile>
    <ClCompile Include="test_Disk.cpp">
      <Filter>Tests</Filter>
    </ClCompile>
    <ClCompile Include="test_File.cpp">
      <Filter>Tests</Filter>
    </ClCompile>
    <ClCompile Include="test_Folder.cpp">
      <Filter>Tests</Filter>
    </ClCompile>
    <ClCompile Include="test_Link.cpp">
      <Filter>Tests</Filter>
    </ClCompile>
    <ClCompile Include="test_Node.cpp">
      <Filter>Tests</Filter>
    </ClCompile>
    <ClCompile Include="test_Size_object.cpp">
      <Filter>Tests</Filter>
    </ClCompile>
  </ItemGroup>
  <ItemGroup>
    <ClInclude Include="data.h">
      <Filter>Header Files</Filter>
    </ClInclude>
  </ItemGroup>
</Project>