<?xml version="1.0" encoding="utf-8"?>
<Project ToolsVersion="4.0" xmlns="http://schemas.microsoft.com/developer/msbuild/2003">
  <ItemGroup>
    <Filter Include="Source Files">
      <UniqueIdentifier>{4FC737F1-C7A5-4376-A066-2A32D752A2FF}</UniqueIdentifier>
      <Extensions>cpp;c;cc;cxx;def;odl;idl;hpj;bat;asm;asmx</Extensions>
    </Filter>
    <Filter Include="Header Files">
      <UniqueIdentifier>{93995380-89BD-4b04-88EB-625FBE52EBFB}</UniqueIdentifier>
      <Extensions>h;hh;hpp;hxx;hm;inl;inc;xsd</Extensions>
    </Filter>
    <Filter Include="git">
      <UniqueIdentifier>{d4050cbc-3db1-4752-ae7d-498d7b13d88e}</UniqueIdentifier>
    </Filter>
    <Filter Include="data">
      <UniqueIdentifier>{448b6604-8390-42d7-b934-4d2d2eba6fd5}</UniqueIdentifier>
    </Filter>
  </ItemGroup>
  <ItemGroup>
    <ClCompile Include="app.cpp">
      <Filter>Source Files</Filter>
    </ClCompile>
    <ClCompile Include="tree_Disk.cpp">
      <Filter>Source Files</Filter>
    </ClCompile>
    <ClCompile Include="tree_File.cpp">
      <Filter>Source Files</Filter>
    </ClCompile>
    <ClCompile Include="tree_Folder.cpp">
      <Filter>Source Files</Filter>
    </ClCompile>
    <ClCompile Include="tree_Link.cpp">
      <Filter>Source Files</Filter>
    </ClCompile>
    <ClCompile Include="tree_Node.cpp">
      <Filter>Source Files</Filter>
    </ClCompile>
    <ClCompile Include="cmd_Handler.cpp">
      <Filter>Source Files</Filter>
    </ClCompile>
    <ClCompile Include="cmd_Parse.cpp">
      <Filter>Source Files</Filter>
    </ClCompile>
    <ClCompile Include="cmd_Help.cpp">
      <Filter>Source Files</Filter>
    </ClCompile>
    <ClCompile Include="cmd_Quit.cpp">
      <Filter>Source Files</Filter>
    </ClCompile>
    <ClCompile Include="cmd_Size.cpp">
      <Filter>Source Files</Filter>
    </ClCompile>
    <ClCompile Include="cmd_List.cpp">
      <Filter>Source Files</Filter>
    </ClCompile>
    <ClCompile Include="tree_Size.cpp">
      <Filter>Source Files</Filter>
    </ClCompile>
  </ItemGroup>
  <ItemGroup>
    <None Include=".gitignore">
      <Filter>git</Filter>
    </None>
    <None Include="README.md">
      <Filter>git</Filter>
    </None>
    <None Include="disk.json">
      <Filter>data</Filter>
    </None>
  </ItemGroup>
  <ItemGroup>
    <ClInclude Include="tree_Disk.h">
      <Filter>Header Files</Filter>
    </ClInclude>
    <ClInclude Include="tree_File.h">
      <Filter>Header Files</Filter>
    </ClInclude>
    <ClInclude Include="tree_Folder.h">
      <Filter>Header Files</Filter>
    </ClInclude>
    <ClInclude Include="tree_Link.h">
      <Filter>Header Files</Filter>
    </ClInclude>
    <ClInclude Include="tree_Node.h">
      <Filter>Header Files</Filter>
    </ClInclude>
    <ClInclude Include="cmd_Handler.h">
      <Filter>Header Files</Filter>
    </ClInclude>
    <ClInclude Include="cmd_Parse.h">
      <Filter>Header Files</Filter>
    </ClInclude>
    <ClInclude Include="cmd_Commands.h">
      <Filter>Header Files</Filter>
    </ClInclude>
    <ClInclude Include="cmd_Handlers.h">
      <Filter>Header Files</Filter>
    </ClInclude>
    <ClInclude Include="cmd_defs.h">
      <Filter>Header Files</Filter>
    </ClInclude>
    <ClInclude Include="tree_Size.h">
      <Filter>Header Files</Filter>
    </ClInclude>
    <ClInclude Include="headers.h">
      <Filter>Header Files</Filter>
    </ClInclude>
  </ItemGroup>
</Project>